
Microsoft Visual Studio Solution File, Format Version 12.00
# Visual Studio Version 16
VisualStudioVersion = 16.0.29403.142
MinimumVisualStudioVersion = 10.0.40219.1
Project("{FAE04EC0-301F-11D3-BF4B-00C04F79EFBC}") = "mvcVistaWeb", "mvcVistaWeb\mvcVistaWeb.csproj", "{2845B218-BA69-48C7-AC2A-AF9C3BDE627D}"
EndProject
Global
	GlobalSection(SolutionConfigurationPlatforms) = preSolution
		Debug|Any CPU = Debug|Any CPU
		Release|Any CPU = Release|Any CPU
	EndGlobalSection
	GlobalSection(ProjectConfigurationPlatforms) = postSolution
		{2845B218-BA69-48C7-AC2A-AF9C3BDE627D}.Debug|Any CPU.ActiveCfg = Debug|Any CPU
		{2845B218-BA69-48C7-AC2A-AF9C3BDE627D}.Debug|Any CPU.Build.0 = Debug|Any CPU
		{2845B218-BA69-48C7-AC2A-AF9C3BDE627D}.Release|Any CPU.ActiveCfg = Release|Any CPU
		{2845B218-BA69-48C7-AC2A-AF9C3BDE627D}.Release|Any CPU.Build.0 = Release|Any CPU
	EndGlobalSection
	GlobalSection(SolutionProperties) = preSolution
		HideSolutionNode = FALSE
	EndGlobalSection
	GlobalSection(ExtensibilityGlobals) = postSolution
		SolutionGuid = {37831193-3050-435E-9D9A-D32AB9AC7F7F}
	EndGlobalSection
EndGlobal
